version: 7
platforms:
- name: linux-64
environments:
  default:
    channels:
    - url: https://conda.anaconda.org/conda-forge/
    packages:
      linux-64:
      - conda: https://conda.anaconda.org/conda-forge/linux-64/_openmp_mutex-4.5-20_gnu.conda
      - conda: https://conda.anaconda.org/conda-forge/linux-64/brotli-python-1.2.0-py314h3de4e8d_1.conda
      - conda: https://conda.anaconda.org/conda-forge/linux-64/bzip2-1.0.8-hda65f42_9.conda
      - conda: https://conda.anaconda.org/conda-forge/linux-64/ld_impl_linux-64-2.45.1-default_hbd61a6d_102.conda
      - conda: https://conda.anaconda.org/conda-forge/linux-64/libexpat-2.8.1-hecca717_1.conda
      - conda: https://conda.anaconda.org/conda-forge/linux-64/libffi-3.5.2-h3435931_0.conda
      - conda: https://conda.anaconda.org/conda-forge/linux-64/libgcc-15.2.0-he0feb66_19.conda
      - conda: https://conda.anaconda.org/conda-forge/linux-64/libgomp-15.2.0-he0feb66_19.conda
      - conda: https://conda.anaconda.org/conda-forge/linux-64/liblzma-5.8.3-hb03c661_0.conda
      - conda: https://conda.anaconda.org/conda-forge/linux-64/libmpdec-4.0.0-hb03c661_1.conda
      - conda: https://conda.anaconda.org/conda-forge/linux-64/libsqlite-3.53.3-h0c1763c_0.conda
      - conda: https://conda.anaconda.org/conda-forge/linux-64/libstdcxx-15.2.0-h934c35e_19.conda
      - conda: https://conda.anaconda.org/conda-forge/linux-64/libuuid-2.42.2-h5347b49_0.conda
      - conda: https://conda.anaconda.org/conda-forge/linux-64/libzlib-1.3.2-h25fd6f3_2.conda
      - conda: https://conda.anaconda.org/conda-forge/linux-64/markupsafe-3.0.3-py314h67df5f8_1.conda
      - conda: https://conda.anaconda.org/conda-forge/linux-64/ncurses-6.6-hdb14827_0.conda
      - conda: https://conda.anaconda.org/conda-forge/linux-64/openssl-3.6.3-h35e630c_0.conda
      - conda: https://conda.anaconda.org/conda-forge/linux-64/python-3.14.6-habeac84_100_cp314.conda
      - conda: https://conda.anaconda.org/conda-forge/linux-64/pyyaml-6.0.3-py314h67df5f8_1.conda
      - conda: https://conda.anaconda.org/conda-forge/linux-64/readline-8.3-h853b02a_0.conda
      - conda: https://conda.anaconda.org/conda-forge/linux-64/tk-8.6.13-noxft_h366c992_103.conda
      - conda: https://conda.anaconda.org/conda-forge/linux-64/watchdog-6.0.0-py314h9e666f3_3.conda
      - conda: https://conda.anaconda.org/conda-forge/linux-64/yaml-0.2.5-h280c20c_3.conda
      - conda: https://conda.anaconda.org/conda-forge/linux-64/zstd-1.5.7-hb78ec9c_6.conda
      - conda: https://conda.anaconda.org/conda-forge/noarch/babel-2.18.0-pyhcf101f3_1.conda
      - conda: https://conda.anaconda.org/conda-forge/noarch/backports.zstd-1.6.0-py314h680f03e_0.conda
      - conda: https://conda.anaconda.org/conda-forge/noarch/backrefs-5.8-pyhd8ed1ab_0.conda
      - conda: https://conda.anaconda.org/conda-forge/noarch/ca-certificates-2026.6.17-hbd8a1cb_0.conda
      - conda: https://conda.anaconda.org/conda-forge/noarch/certifi-2026.6.17-pyhd8ed1ab_0.conda
      - conda: https://conda.anaconda.org/conda-forge/noarch/charset-normalizer-3.4.9-pyhd8ed1ab_0.conda
      - conda: https://conda.anaconda.org/conda-forge/noarch/click-8.2.1-pyh707e725_0.conda
      - conda: https://conda.anaconda.org/conda-forge/noarch/colorama-0.4.6-pyhd8ed1ab_1.conda
      - conda: https://conda.anaconda.org/conda-forge/noarch/ghp-import-2.1.0-pyhd8ed1ab_2.conda
      - conda: https://conda.anaconda.org/conda-forge/noarch/h2-4.3.0-pyhcf101f3_0.conda
      - conda: https://conda.anaconda.org/conda-forge/noarch/hjson-py-3.1.0-pyhd8ed1ab_1.conda
      - conda: https://conda.anaconda.org/conda-forge/noarch/hpack-4.2.0-pyhd8ed1ab_0.conda
      - conda: https://conda.anaconda.org/conda-forge/noarch/hyperframe-6.1.0-pyhd8ed1ab_0.conda
      - conda: https://conda.anaconda.org/conda-forge/noarch/idna-3.18-pyhcf101f3_0.conda
      - conda: https://conda.anaconda.org/conda-forge/noarch/importlib-metadata-9.0.0-pyhcf101f3_0.conda
      - conda: https://conda.anaconda.org/conda-forge/noarch/jinja2-3.1.6-pyhcf101f3_1.conda
      - conda: https://conda.anaconda.org/conda-forge/noarch/lunr-0.8.0-pyh29332c3_0.conda
      - conda: https://conda.anaconda.org/conda-forge/noarch/markdown-3.10.2-pyhcf101f3_0.conda
      - conda: https://conda.anaconda.org/conda-forge/noarch/mergedeep-1.3.4-pyhd8ed1ab_1.conda
      - conda: https://conda.anaconda.org/conda-forge/noarch/mkdocs-1.6.1-pyhd8ed1ab_1.conda
      - conda: https://conda.anaconda.org/conda-forge/noarch/mkdocs-gen-files-0.6.0-pyhcf101f3_0.conda
      - conda: https://conda.anaconda.org/conda-forge/noarch/mkdocs-get-deps-0.2.2-pyhd8ed1ab_0.conda
      - conda: https://conda.anaconda.org/conda-forge/noarch/mkdocs-macros-plugin-1.5.0-pyhd8ed1ab_0.conda
      - conda: https://conda.anaconda.org/conda-forge/noarch/mkdocs-material-9.6.23-pyhcf101f3_0.conda
      - conda: https://conda.anaconda.org/conda-forge/noarch/mkdocs-material-extensions-1.3.1-pyhd8ed1ab_1.conda
      - conda: https://conda.anaconda.org/conda-forge/noarch/packaging-26.2-pyhc364b38_0.conda
      - conda: https://conda.anaconda.org/conda-forge/noarch/paginate-0.5.7-pyhd8ed1ab_1.conda
      - conda: https://conda.anaconda.org/conda-forge/noarch/pathspec-1.1.1-pyhd8ed1ab_0.conda
      - conda: https://conda.anaconda.org/conda-forge/noarch/platformdirs-4.10.0-pyhcf101f3_0.conda
      - conda: https://conda.anaconda.org/conda-forge/noarch/pygments-2.20.0-pyhd8ed1ab_0.conda
      - conda: https://conda.anaconda.org/conda-forge/noarch/pymdown-extensions-10.21.3-pyhd8ed1ab_0.conda
      - conda: https://conda.anaconda.org/conda-forge/noarch/pysocks-1.7.1-pyha55dd90_7.conda
      - conda: https://conda.anaconda.org/conda-forge/noarch/python-dateutil-2.9.0.post0-pyhe01879c_2.conda
      - conda: https://conda.anaconda.org/conda-forge/noarch/python_abi-3.14-8_cp314.conda
      - conda: https://conda.anaconda.org/conda-forge/noarch/pyyaml-env-tag-1.1-pyhd8ed1ab_0.conda
      - conda: https://conda.anaconda.org/conda-forge/noarch/requests-2.34.2-pyhcf101f3_0.conda
      - conda: https://conda.anaconda.org/conda-forge/noarch/six-1.17.0-pyhe01879c_1.conda
      - conda: https://conda.anaconda.org/conda-forge/noarch/super-collections-0.6.2-pyhd8ed1ab_0.conda
      - conda: https://conda.anaconda.org/conda-forge/noarch/super_collections-0.6.2-pyhd8ed1ab_0.conda
      - conda: https://conda.anaconda.org/conda-forge/noarch/termcolor-3.3.0-pyhd8ed1ab_0.conda
      - conda: https://conda.anaconda.org/conda-forge/noarch/typing-extensions-4.16.0-h69aa097_0.conda
      - conda: https://conda.anaconda.org/conda-forge/noarch/typing_extensions-4.16.0-pyhcf101f3_0.conda
      - conda: https://conda.anaconda.org/conda-forge/noarch/tzdata-2025c-hc9c84f9_1.conda
      - conda: https://conda.anaconda.org/conda-forge/noarch/urllib3-2.7.0-pyhd8ed1ab_0.conda
      - conda: https://conda.anaconda.org/conda-forge/noarch/zipp-4.1.0-pyhcf101f3_0.conda
packages:
- conda: https://conda.anaconda.org/conda-forge/linux-64/_openmp_mutex-4.5-20_gnu.conda
  build_number: 20
  sha256: 1dd3fffd892081df9726d7eb7e0dea6198962ba775bd88842135a4ddb4deb3c9
  md5: a9f577daf3de00bca7c3c76c0ecbd1de
  depends:
  - __glibc >=2.17,<3.0.a0
  - libgomp >=7.5.0
  constrains:
  - openmp_impl <0.0a0
  license: BSD-3-Clause
  license_family: BSD
  run_exports:
    strong:
    - _openmp_mutex >=4.5
  size: 28948
  timestamp: 1770939786096
- conda: https://conda.anaconda.org/conda-forge/linux-64/brotli-python-1.2.0-py314h3de4e8d_1.conda
  sha256: 3ad3500bff54a781c29f16ce1b288b36606e2189d0b0ef2f67036554f47f12b0
  md5: 8910d2c46f7e7b519129f486e0fe927a
  depends:
  - __glibc >=2.17,<3.0.a0
  - libgcc >=14
  - libstdcxx >=14
  - python >=3.14,<3.15.0a0
  - python_abi 3.14.* *_cp314
  constrains:
  - libbrotlicommon 1.2.0 hb03c661_1
  license: MIT
  license_family: MIT
  run_exports: {}
  size: 367376
  timestamp: 1764017265553
- conda: https://conda.anaconda.org/conda-forge/linux-64/bzip2-1.0.8-hda65f42_9.conda
  sha256: 0b75d45f0bba3e95dc693336fa51f40ea28c980131fec438afb7ce6118ed05f6
  md5: d2ffd7602c02f2b316fd921d39876885
  depends:
  - __glibc >=2.17,<3.0.a0
  - libgcc >=14
  license: bzip2-1.0.6
  license_family: BSD
  run_exports:
    weak:
    - bzip2 >=1.0.8,<2.0a0
  size: 260182
  timestamp: 1771350215188
- conda: https://conda.anaconda.org/conda-forge/linux-64/ld_impl_linux-64-2.45.1-default_hbd61a6d_102.conda
  sha256: 3d584956604909ff5df353767f3a2a2f60e07d070b328d109f30ac40cd62df6c
  md5: 18335a698559cdbcd86150a48bf54ba6
  depends:
  - __glibc >=2.17,<3.0.a0
  - zstd >=1.5.7,<1.6.0a0
  constrains:
  - binutils_impl_linux-64 2.45.1
  license: GPL-3.0-only
  license_family: GPL
  run_exports: {}
  size: 728002
  timestamp: 1774197446916
- conda: https://conda.anaconda.org/conda-forge/linux-64/libexpat-2.8.1-hecca717_1.conda
  sha256: 16feffd9ddbbe5b718515d38ee376c685ba95491cd901244e24671d20b952a77
  md5: b24d3c612f71e7aa74158d92106318b2
  depends:
  - __glibc >=2.17,<3.0.a0
  - libgcc >=14
  constrains:
  - expat 2.8.1.*
  license: MIT
  license_family: MIT
  run_exports: {}
  size: 77856
  timestamp: 1781203599810
- conda: https://conda.anaconda.org/conda-forge/linux-64/libffi-3.5.2-h3435931_0.conda
  sha256: 31f19b6a88ce40ebc0d5a992c131f57d919f73c0b92cd1617a5bec83f6e961e6
  md5: a360c33a5abe61c07959e449fa1453eb
  depends:
  - __glibc >=2.17,<3.0.a0
  - libgcc >=14
  license: MIT
  license_family: MIT
  run_exports:
    weak:
    - libffi >=3.5.2,<3.6.0a0
  size: 58592
  timestamp: 1769456073053
- conda: https://conda.anaconda.org/conda-forge/linux-64/libgcc-15.2.0-he0feb66_19.conda
  sha256: 8e0a3b5e41272e5678499b5dfc4cddb673f9e935de01eb0767ce857001229f46
  md5: 57736f29cc2b0ec0b6c2952d3f101b6a
  depends:
  - __glibc >=2.17,<3.0.a0
  - _openmp_mutex >=4.5
  constrains:
  - libgcc-ng ==15.2.0=*_19
  - libgomp 15.2.0 he0feb66_19
  license: GPL-3.0-only WITH GCC-exception-3.1
  license_family: GPL
  run_exports: {}
  size: 1041084
  timestamp: 1778269013026
- conda: https://conda.anaconda.org/conda-forge/linux-64/libgomp-15.2.0-he0feb66_19.conda
  sha256: 5abe4ab9d93f6c9757d654f1969ae2267d4505315c1f2f8fe705fd60af084f1b
  md5: faac990cb7aedc7f3a2224f2c9b0c26c
  depends:
  - __glibc >=2.17,<3.0.a0
  license: GPL-3.0-only WITH GCC-exception-3.1
  license_family: GPL
  run_exports:
    strong:
    - _openmp_mutex >=4.5
  size: 603817
  timestamp: 1778268942614
- conda: https://conda.anaconda.org/conda-forge/linux-64/liblzma-5.8.3-hb03c661_0.conda
  sha256: ec30e52a3c1bf7d0425380a189d209a52baa03f22fb66dd3eb587acaa765bd6d
  md5: b88d90cad08e6bc8ad540cb310a761fb
  depends:
  - __glibc >=2.17,<3.0.a0
  - libgcc >=14
  constrains:
  - xz 5.8.3.*
  license: 0BSD
  run_exports:
    weak:
    - liblzma >=5.8.3,<6.0a0
  size: 113478
  timestamp: 1775825492909
- conda: https://conda.anaconda.org/conda-forge/linux-64/libmpdec-4.0.0-hb03c661_1.conda
  sha256: fe171ed5cf5959993d43ff72de7596e8ac2853e9021dec0344e583734f1e0843
  md5: 2c21e66f50753a083cbe6b80f38268fa
  depends:
  - __glibc >=2.17,<3.0.a0
  - libgcc >=14
  license: BSD-2-Clause
  license_family: BSD
  run_exports: {}
  size: 92400
  timestamp: 1769482286018
- conda: https://conda.anaconda.org/conda-forge/linux-64/libsqlite-3.53.3-h0c1763c_0.conda
  sha256: 365376f4815e5e80def2b3462a2419708b7c292da0da85278386c2618621fff4
  md5: 4aed8e657e9ff156bdbe849b4df44389
  depends:
  - __glibc >=2.17,<3.0.a0
  - libgcc >=14
  - libzlib >=1.3.2,<2.0a0
  license: blessing
  run_exports:
    weak:
    - libsqlite >=3.53.3,<4.0a0
  size: 962119
  timestamp: 1782519076616
- conda: https://conda.anaconda.org/conda-forge/linux-64/libstdcxx-15.2.0-h934c35e_19.conda
  sha256: dff1058c76ec6b8759e41cefa2508162d00e4a5e6721aa68ec3fd10094e702dc
  md5: 5794b3bdc38177caf969dabd3af08549
  depends:
  - __glibc >=2.17,<3.0.a0
  - libgcc 15.2.0 he0feb66_19
  constrains:
  - libstdcxx-ng ==15.2.0=*_19
  license: GPL-3.0-only WITH GCC-exception-3.1
  license_family: GPL
  run_exports: {}
  size: 5852044
  timestamp: 1778269036376
- conda: https://conda.anaconda.org/conda-forge/linux-64/libuuid-2.42.2-h5347b49_0.conda
  sha256: 9b1bdce27a7e31f7d241aeecff67a1f3101d52a2b1e33ccc2cdf2613072bf81f
  md5: 01bb81d12c957de066ea7362007df642
  depends:
  - libgcc >=14
  - __glibc >=2.17,<3.0.a0
  license: BSD-3-Clause
  license_family: BSD
  run_exports:
    weak:
    - libuuid >=2.42.2,<3.0a0
  size: 40017
  timestamp: 1781625522462
- conda: https://conda.anaconda.org/conda-forge/linux-64/libzlib-1.3.2-h25fd6f3_2.conda
  sha256: 55044c403570f0dc26e6364de4dc5368e5f3fc7ff103e867c487e2b5ab2bcda9
  md5: d87ff7921124eccd67248aa483c23fec
  depends:
  - __glibc >=2.17,<3.0.a0
  constrains:
  - zlib 1.3.2 *_2
  license: Zlib
  license_family: Other
  run_exports:
    weak:
    - libzlib >=1.3.2,<2.0a0
  size: 63629
  timestamp: 1774072609062
- conda: https://conda.anaconda.org/conda-forge/linux-64/markupsafe-3.0.3-py314h67df5f8_1.conda
  sha256: c279be85b59a62d5c52f5dd9a4cd43ebd08933809a8416c22c3131595607d4cf
  md5: 9a17c4307d23318476d7fbf0fedc0cde
  depends:
  - __glibc >=2.17,<3.0.a0
  - libgcc >=14
  - python >=3.14,<3.15.0a0
  - python_abi 3.14.* *_cp314
  constrains:
  - jinja2 >=3.0.0
  license: BSD-3-Clause
  license_family: BSD
  run_exports: {}
  size: 27424
  timestamp: 1772445227915
- conda: https://conda.anaconda.org/conda-forge/linux-64/ncurses-6.6-hdb14827_0.conda
  sha256: fc89f74bbe362fb29fa3c037697a89bec140b346a2469a90f7936d1d7ea4d8a3
  md5: fc21868a1a5aacc937e7a18747acb8a5
  depends:
  - __glibc >=2.17,<3.0.a0
  - libgcc >=14
  license: X11 AND BSD-3-Clause
  run_exports:
    weak:
    - ncurses >=6.6,<7.0a0
  size: 918956
  timestamp: 1777422145199
- conda: https://conda.anaconda.org/conda-forge/linux-64/openssl-3.6.3-h35e630c_0.conda
  sha256: d48f5c22b9897c01e4dff3680f1f57ceb02711ab9c62f74339b080419dfad34b
  md5: 79dd2074b5cd5c5c6b2930514a11e22d
  depends:
  - __glibc >=2.17,<3.0.a0
  - ca-certificates
  - libgcc >=14
  license: Apache-2.0
  license_family: Apache
  run_exports:
    weak:
    - openssl >=3.6.3,<4.0a0
  size: 3159683
  timestamp: 1781069855778
- conda: https://conda.anaconda.org/conda-forge/linux-64/python-3.14.6-habeac84_100_cp314.conda
  build_number: 100
  sha256: 6d28ac2b061179deb434d3d57afa98ffd20ec3c5d44ab8048a1ca33424b22d38
  md5: 0b9b2f83b5b600e1ac38becde8d0dd44
  depends:
  - __glibc >=2.17,<3.0.a0
  - bzip2 >=1.0.8,<2.0a0
  - ld_impl_linux-64 >=2.36.1
  - libexpat >=2.8.1,<3.0a0
  - libffi >=3.5.2,<3.6.0a0
  - libgcc >=14
  - liblzma >=5.8.3,<6.0a0
  - libmpdec >=4.0.0,<5.0a0
  - libsqlite >=3.53.2,<4.0a0
  - libuuid >=2.42.1,<3.0a0
  - libzlib >=1.3.2,<2.0a0
  - ncurses >=6.6,<7.0a0
  - openssl >=3.5.7,<4.0a0
  - python_abi 3.14.* *_cp314
  - readline >=8.3,<9.0a0
  - tk >=8.6.13,<8.7.0a0
  - tzdata
  - zstd >=1.5.7,<1.6.0a0
  license: Python-2.0
  run_exports:
    weak:
    - python_abi 3.14.* *_cp314
    noarch:
    - python
  size: 36717183
  timestamp: 1781255094700
  python_site_packages_path: lib/python3.14/site-packages
- conda: https://conda.anaconda.org/conda-forge/linux-64/pyyaml-6.0.3-py314h67df5f8_1.conda
  sha256: b318fb070c7a1f89980ef124b80a0b5ccf3928143708a85e0053cde0169c699d
  md5: 2035f68f96be30dc60a5dfd7452c7941
  depends:
  - __glibc >=2.17,<3.0.a0
  - libgcc >=14
  - python >=3.14,<3.15.0a0
  - python_abi 3.14.* *_cp314
  - yaml >=0.2.5,<0.3.0a0
  license: MIT
  license_family: MIT
  run_exports: {}
  size: 202391
  timestamp: 1770223462836
- conda: https://conda.anaconda.org/conda-forge/linux-64/readline-8.3-h853b02a_0.conda
  sha256: 12ffde5a6f958e285aa22c191ca01bbd3d6e710aa852e00618fa6ddc59149002
  md5: d7d95fc8287ea7bf33e0e7116d2b95ec
  depends:
  - __glibc >=2.17,<3.0.a0
  - libgcc >=14
  - ncurses >=6.5,<7.0a0
  license: GPL-3.0-only
  license_family: GPL
  run_exports:
    weak:
    - readline >=8.3,<9.0a0
  size: 345073
  timestamp: 1765813471974
- conda: https://conda.anaconda.org/conda-forge/linux-64/tk-8.6.13-noxft_h366c992_103.conda
  sha256: cafeec44494f842ffeca27e9c8b0c27ed714f93ac77ddadc6aaf726b5554ebac
  md5: cffd3bdd58090148f4cfcd831f4b26ab
  depends:
  - __glibc >=2.17,<3.0.a0
  - libgcc >=14
  - libzlib >=1.3.1,<2.0a0
  constrains:
  - xorg-libx11 >=1.8.12,<2.0a0
  license: TCL
  license_family: BSD
  run_exports:
    weak:
    - tk >=8.6.13,<8.7.0a0
  size: 3301196
  timestamp: 1769460227866
- conda: https://conda.anaconda.org/conda-forge/linux-64/watchdog-6.0.0-py314h9e666f3_3.conda
  sha256: 19605181aa56af8aeef977ec99614194420c96e929eaad2c1d858e5fcb16414c
  md5: d0003e6427d81d247aa5ef84ba814d47
  depends:
  - python
  - pyyaml >=3.10
  - python_abi 3.14.* *_cp314
  license: Apache-2.0
  license_family: APACHE
  run_exports: {}
  size: 162474
  timestamp: 1772608179138
- conda: https://conda.anaconda.org/conda-forge/linux-64/yaml-0.2.5-h280c20c_3.conda
  sha256: 6d9ea2f731e284e9316d95fa61869fe7bbba33df7929f82693c121022810f4ad
  md5: a77f85f77be52ff59391544bfe73390a
  depends:
  - libgcc >=14
  - __glibc >=2.17,<3.0.a0
  license: MIT
  license_family: MIT
  run_exports:
    weak:
    - yaml >=0.2.5,<0.3.0a0
  size: 85189
  timestamp: 1753484064210
- conda: https://conda.anaconda.org/conda-forge/linux-64/zstd-1.5.7-hb78ec9c_6.conda
  sha256: 68f0206ca6e98fea941e5717cec780ed2873ffabc0e1ed34428c061e2c6268c7
  md5: 4a13eeac0b5c8e5b8ab496e6c4ddd829
  depends:
  - __glibc >=2.17,<3.0.a0
  - libzlib >=1.3.1,<2.0a0
  license: BSD-3-Clause
  license_family: BSD
  run_exports:
    weak:
    - zstd >=1.5.7,<1.6.0a0
  size: 601375
  timestamp: 1764777111296
- conda: https://conda.anaconda.org/conda-forge/noarch/babel-2.18.0-pyhcf101f3_1.conda
  sha256: a14a9ad02101aab25570543a59c5193043b73dc311a25650134ed9e6cb691770
  md5: f1976ce927373500cc19d3c0b2c85177
  depends:
  - python >=3.10
  - python
  constrains:
  - pytz >=2015.7
  license: BSD-3-Clause
  license_family: BSD
  run_exports: {}
  size: 7684321
  timestamp: 1772555330347
- conda: https://conda.anaconda.org/conda-forge/noarch/backports.zstd-1.6.0-py314h680f03e_0.conda
  noarch: generic
  sha256: 709cac7434d1c5a8828105036212a2a36022a07d807e89e2e99cac939c2d2526
  md5: 40d89d8546ad6e139e73ec8f6d56068b
  depends:
  - python >=3.14
  license: BSD-3-Clause AND MIT AND EPL-2.0
  run_exports: {}
  size: 7526
  timestamp: 1781450817767
- conda: https://conda.anaconda.org/conda-forge/noarch/backrefs-5.8-pyhd8ed1ab_0.conda
  sha256: 3a0af23d357a07154645c41d035a4efbd15b7a642db397fa9ea0193fd58ae282
  md5: b16e2595d3a9042aa9d570375978835f
  depends:
  - python >=3.9
  license: MIT
  license_family: MIT
  run_exports: {}
  size: 143810
  timestamp: 1740887689966
- conda: https://conda.anaconda.org/conda-forge/noarch/ca-certificates-2026.6.17-hbd8a1cb_0.conda
  sha256: f8e3c730fa14ee3f170493779f06522c4acf89169f43db4f039727709b6419cf
  md5: a9965dd99f683c5f444428f896635716
  depends:
  - __unix
  license: ISC
  run_exports: {}
  size: 128866
  timestamp: 1781708962055
- conda: https://conda.anaconda.org/conda-forge/noarch/certifi-2026.6.17-pyhd8ed1ab_0.conda
  sha256: 6c13620e458ba43278379d0cdacc30c497336bddfda81681fd50d114a65c702f
  md5: c13824fedced67005d3832c152fe9c2f
  depends:
  - python >=3.10
  license: ISC
  run_exports: {}
  size: 133877
  timestamp: 1781719949728
- conda: https://conda.anaconda.org/conda-forge/noarch/charset-normalizer-3.4.9-pyhd8ed1ab_0.conda
  sha256: 8d8813ef655b4e75e4fb897abd83ad548882efad7b4e836b021b797f42780799
  md5: d154b40b109e503430979e8a8d099eaf
  depends:
  - python >=3.10
  license: MIT
  license_family: MIT
  run_exports: {}
  size: 61418
  timestamp: 1783505332569
- conda: https://conda.anaconda.org/conda-forge/noarch/click-8.2.1-pyh707e725_0.conda
  sha256: 8aee789c82d8fdd997840c952a586db63c6890b00e88c4fb6e80a38edd5f51c0
  md5: 94b550b8d3a614dbd326af798c7dfb40
  depends:
  - __unix
  - python >=3.10
  license: BSD-3-Clause
  license_family: BSD
  run_exports: {}
  size: 87749
  timestamp: 1747811451319
- conda: https://conda.anaconda.org/conda-forge/noarch/colorama-0.4.6-pyhd8ed1ab_1.conda
  sha256: ab29d57dc70786c1269633ba3dff20288b81664d3ff8d21af995742e2bb03287
  md5: 962b9857ee8e7018c22f2776ffa0b2d7
  depends:
  - python >=3.9
  license: BSD-3-Clause
  license_family: BSD
  run_exports: {}
  size: 27011
  timestamp: 1733218222191
- conda: https://conda.anaconda.org/conda-forge/noarch/ghp-import-2.1.0-pyhd8ed1ab_2.conda
  sha256: 40fdf5a9d5cc7a3503cd0c33e1b90b1e6eab251aaaa74e6b965417d089809a15
  md5: 93f742fe078a7b34c29a182958d4d765
  depends:
  - python >=3.9
  - python-dateutil >=2.8.1
  license: Apache-2.0
  license_family: APACHE
  run_exports: {}
  size: 16538
  timestamp: 1734344477841
- conda: https://conda.anaconda.org/conda-forge/noarch/h2-4.3.0-pyhcf101f3_0.conda
  sha256: 84c64443368f84b600bfecc529a1194a3b14c3656ee2e832d15a20e0329b6da3
  md5: 164fc43f0b53b6e3a7bc7dce5e4f1dc9
  depends:
  - python >=3.10
  - hyperframe >=6.1,<7
  - hpack >=4.1,<5
  - python
  license: MIT
  license_family: MIT
  run_exports: {}
  size: 95967
  timestamp: 1756364871835
- conda: https://conda.anaconda.org/conda-forge/noarch/hjson-py-3.1.0-pyhd8ed1ab_1.conda
  sha256: b1ffd36565dc2a583ef938533aa7d3eaef0143bb5df3dccea2eb7a1b9f1ee031
  md5: 404a42a57137c137b03102161c5bb2a8
  depends:
  - python >=3.9
  license: Apache-2.0
  license_family: APACHE
  run_exports: {}
  size: 44540
  timestamp: 1734896878029
- conda: https://conda.anaconda.org/conda-forge/noarch/hpack-4.2.0-pyhd8ed1ab_0.conda
  sha256: fdcea5d7cb314485d3907192ef024c704311548c5b0cbeb390cd1951051e29d2
  md5: b395909221b9bd1df066e5930e18855b
  depends:
  - python >=3.10
  license: MIT
  license_family: MIT
  run_exports: {}
  size: 32884
  timestamp: 1782283986153
- conda: https://conda.anaconda.org/conda-forge/noarch/hyperframe-6.1.0-pyhd8ed1ab_0.conda
  sha256: 77af6f5fe8b62ca07d09ac60127a30d9069fdc3c68d6b256754d0ffb1f7779f8
  md5: 8e6923fc12f1fe8f8c4e5c9f343256ac
  depends:
  - python >=3.9
  license: MIT
  license_family: MIT
  run_exports: {}
  size: 17397
  timestamp: 1737618427549
- conda: https://conda.anaconda.org/conda-forge/noarch/idna-3.18-pyhcf101f3_0.conda
  sha256: c75632ea624aa450a394f570749420c5a2e0997d0216bc29d5d45b0f39df0426
  md5: 577b04680ae422adb86fc60d7b940659
  depends:
  - python >=3.10
  - python
  license: BSD-3-Clause
  license_family: BSD
  run_exports: {}
  size: 163869
  timestamp: 1781620148226
- conda: https://conda.anaconda.org/conda-forge/noarch/importlib-metadata-9.0.0-pyhcf101f3_0.conda
  sha256: 43e2a5497cad1598ff88a3e69f69bc88b7b8f141fa63c60eab5db296317318b8
  md5: ffc17e785d64e12fc311af9184221839
  depends:
  - python >=3.10
  - zipp >=3.20
  - python
  license: Apache-2.0
  license_family: APACHE
  run_exports: {}
  size: 34766
  timestamp: 1779714582554
- conda: https://conda.anaconda.org/conda-forge/noarch/jinja2-3.1.6-pyhcf101f3_1.conda
  sha256: fc9ca7348a4f25fed2079f2153ecdcf5f9cf2a0bc36c4172420ca09e1849df7b
  md5: 04558c96691bed63104678757beb4f8d
  depends:
  - markupsafe >=2.0
  - python >=3.10
  - python
  license: BSD-3-Clause
  license_family: BSD
  run_exports: {}
  size: 120685
  timestamp: 1764517220861
- conda: https://conda.anaconda.org/conda-forge/noarch/lunr-0.8.0-pyh29332c3_0.conda
  sha256: a7f06d28ee83108238088fec42ad5b24de9ab29ceaa7782972c6c8ef1323318f
  md5: ce9fa4358e9e53f9f990bd3f7bb57c3e
  depends:
  - typing-extensions
  - importlib-metadata
  - python >=3.9
  - python
  license: MIT
  license_family: MIT
  run_exports: {}
  size: 991544
  timestamp: 1741457227589
- conda: https://conda.anaconda.org/conda-forge/noarch/markdown-3.10.2-pyhcf101f3_0.conda
  sha256: 20e0892592a3e7c683e3d66df704a9425d731486a97c34fc56af4da1106b2b6b
  md5: ba0a9221ce1063f31692c07370d062f3
  depends:
  - importlib-metadata >=4.4
  - python >=3.10
  - python
  license: BSD-3-Clause
  license_family: BSD
  run_exports: {}
  size: 85893
  timestamp: 1770694658918
- conda: https://conda.anaconda.org/conda-forge/noarch/mergedeep-1.3.4-pyhd8ed1ab_1.conda
  sha256: e5b555fd638334a253d83df14e3c913ef8ce10100090e17fd6fb8e752d36f95d
  md5: d9a8fc1f01deae61735c88ec242e855c
  depends:
  - python >=3.9
  license: MIT
  license_family: MIT
  run_exports: {}
  size: 11676
  timestamp: 1734157119152
- conda: https://conda.anaconda.org/conda-forge/noarch/mkdocs-1.6.1-pyhd8ed1ab_1.conda
  sha256: 902d2e251f9a7ffa7d86a3e62be5b2395e28614bd4dbe5f50acf921fd64a8c35
  md5: 14661160be39d78f2b210f2cc2766059
  depends:
  - click >=7.0,<8.3.0a0
  - colorama >=0.4
  - ghp-import >=1.0
  - importlib-metadata >=4.4
  - jinja2 >=2.11.1
  - markdown >=3.3.6
  - markupsafe >=2.0.1
  - mergedeep >=1.3.4
  - mkdocs-get-deps >=0.2.0
  - packaging >=20.5
  - pathspec >=0.11.1
  - python >=3.9
  - pyyaml >=5.1
  - pyyaml-env-tag >=0.1
  - watchdog >=2.0
  constrains:
  - babel >=2.9.0
  license: BSD-2-Clause
  license_family: BSD
  run_exports: {}
  size: 3524754
  timestamp: 1734344673481
- conda: https://conda.anaconda.org/conda-forge/noarch/mkdocs-gen-files-0.6.0-pyhcf101f3_0.conda
  sha256: 64c802b733adcc3fd1435f4b180706defd968a5fe9959c678f8f54452b85e2fa
  md5: 30eab90072aa47828d5374be23ff714d
  depends:
  - python >=3.10
  - mkdocs >=1.4.1
  - python
  license: MIT
  license_family: MIT
  run_exports: {}
  size: 16356
  timestamp: 1763934948991
- conda: https://conda.anaconda.org/conda-forge/noarch/mkdocs-get-deps-0.2.2-pyhd8ed1ab_0.conda
  sha256: fad4463b52def6214f64dfb918ad77ec4feb4c5d1072838dcf693dab860fde52
  md5: 4e396e96b60a1f616da1f0e5fceae543
  depends:
  - importlib-metadata >=4.3
  - mergedeep >=1.3.4
  - platformdirs >=2.2.0
  - python >=3.10
  - pyyaml >=5.1
  license: MIT
  license_family: MIT
  run_exports: {}
  size: 15572
  timestamp: 1773570672864
- conda: https://conda.anaconda.org/conda-forge/noarch/mkdocs-macros-plugin-1.5.0-pyhd8ed1ab_0.conda
  sha256: 58858ecb69e17d96c70dea3ef472f4c764e7845e342134b239d716590383f194
  md5: 33fe848c8741e64dc856a0db6035112b
  depends:
  - hjson-py
  - jinja2
  - mkdocs >=0.17
  - packaging
  - pathspec
  - python >=3.10
  - python-dateutil
  - pyyaml
  - super-collections
  - termcolor
  license: MIT
  license_family: MIT
  run_exports: {}
  size: 38717
  timestamp: 1763024056285
- conda: https://conda.anaconda.org/conda-forge/noarch/mkdocs-material-9.6.23-pyhcf101f3_0.conda
  sha256: 86f84db5f028ba882546b56815fc62e03fa947e04f4933fa181d9bb29445d15e
  md5: b00890e53c4c652f55f3afc4290a814a
  depends:
  - python >=3.10
  - jinja2 >=3.0,<4.dev0
  - markdown >=3.2,<4.dev0
  - mkdocs >=1.6,<2.dev0
  - mkdocs-material-extensions >=1.3,<2.dev0
  - pygments >=2.16,<3.dev0
  - pymdown-extensions >=10.2,<11.dev0
  - babel >=2.10,<3.dev0
  - colorama >=0.4,<1.dev0
  - paginate >=0.5,<1.dev0
  - backrefs >=5.7.post1,<6.dev0
  - requests >=2.26,<3.dev0
  - python
  license: MIT
  license_family: MIT
  run_exports: {}
  size: 4753698
  timestamp: 1762018218542
- conda: https://conda.anaconda.org/conda-forge/noarch/mkdocs-material-extensions-1.3.1-pyhd8ed1ab_1.conda
  sha256: f62955d40926770ab65cc54f7db5fde6c073a3ba36a0787a7a5767017da50aa3
  md5: de8af4000a4872e16fb784c649679c8e
  depends:
  - python >=3.9
  constrains:
  - mkdocs-material >=5.0.0
  license: MIT
  license_family: MIT
  run_exports: {}
  size: 16122
  timestamp: 1734641109286
- conda: https://conda.anaconda.org/conda-forge/noarch/packaging-26.2-pyhc364b38_0.conda
  sha256: 3906abfb6511a3bb309e39b9b1b7bc38f50a723971de2395489fd1f379255890
  md5: 4c06a92e74452cfa53623a81592e8934
  depends:
  - python >=3.8
  - python
  license: Apache-2.0
  license_family: APACHE
  run_exports: {}
  size: 91574
  timestamp: 1777103621679
- conda: https://conda.anaconda.org/conda-forge/noarch/paginate-0.5.7-pyhd8ed1ab_1.conda
  sha256: f6fef1b43b0d3d92476e1870c08d7b9c229aebab9a0556b073a5e1641cf453bd
  md5: c3f35453097faf911fd3f6023fc2ab24
  depends:
  - python >=3.9
  license: MIT
  license_family: MIT
  run_exports: {}
  size: 18865
  timestamp: 1734618649164
- conda: https://conda.anaconda.org/conda-forge/noarch/pathspec-1.1.1-pyhd8ed1ab_0.conda
  sha256: 6eaee417d33f298db79bc7185ab1208604c0e6cf51dade34cd513c6f9db9c6f3
  md5: 11adc78451c998c0fd162584abfa3559
  depends:
  - python >=3.10
  license: MPL-2.0
  license_family: MOZILLA
  run_exports: {}
  size: 56559
  timestamp: 1777271601895
- conda: https://conda.anaconda.org/conda-forge/noarch/platformdirs-4.10.0-pyhcf101f3_0.conda
  sha256: 9e5e1fd3506ccfc4d444fc4d2d39b0ed097d5d0e3bd3d4bdf6bcc81aaf66860d
  md5: 2c5ef45db85d34799771629bd5860fd7
  depends:
  - python >=3.10
  - python
  license: MIT
  license_family: MIT
  run_exports: {}
  size: 26308
  timestamp: 1779972894916
- conda: https://conda.anaconda.org/conda-forge/noarch/pygments-2.20.0-pyhd8ed1ab_0.conda
  sha256: cf70b2f5ad9ae472b71235e5c8a736c9316df3705746de419b59d442e8348e86
  md5: 16c18772b340887160c79a6acc022db0
  depends:
  - python >=3.10
  license: BSD-2-Clause
  license_family: BSD
  run_exports: {}
  size: 893031
  timestamp: 1774796815820
- conda: https://conda.anaconda.org/conda-forge/noarch/pymdown-extensions-10.21.3-pyhd8ed1ab_0.conda
  sha256: 644f7661c3589684b04c1cdda315af0db5839c4f6c609f460d12375fb694debe
  md5: 2a324ab0d62115c96875f33b55852784
  depends:
  - markdown >=3.6
  - python >=3.10
  - pyyaml
  license: MIT
  license_family: MIT
  run_exports: {}
  size: 172181
  timestamp: 1778686891401
- conda: https://conda.anaconda.org/conda-forge/noarch/pysocks-1.7.1-pyha55dd90_7.conda
  sha256: ba3b032fa52709ce0d9fd388f63d330a026754587a2f461117cac9ab73d8d0d8
  md5: 461219d1a5bd61342293efa2c0c90eac
  depends:
  - __unix
  - python >=3.9
  license: BSD-3-Clause
  license_family: BSD
  run_exports: {}
  size: 21085
  timestamp: 1733217331982
- conda: https://conda.anaconda.org/conda-forge/noarch/python-dateutil-2.9.0.post0-pyhe01879c_2.conda
  sha256: d6a17ece93bbd5139e02d2bd7dbfa80bee1a4261dced63f65f679121686bf664
  md5: 5b8d21249ff20967101ffa321cab24e8
  depends:
  - python >=3.9
  - six >=1.5
  - python
  license: Apache-2.0
  license_family: APACHE
  run_exports: {}
  size: 233310
  timestamp: 1751104122689
- conda: https://conda.anaconda.org/conda-forge/noarch/python_abi-3.14-8_cp314.conda
  build_number: 8
  sha256: ad6d2e9ac39751cc0529dd1566a26751a0bf2542adb0c232533d32e176e21db5
  md5: 0539938c55b6b1a59b560e843ad864a4
  constrains:
  - python 3.14.* *_cp314
  license: BSD-3-Clause
  license_family: BSD
  run_exports: {}
  size: 6989
  timestamp: 1752805904792
- conda: https://conda.anaconda.org/conda-forge/noarch/pyyaml-env-tag-1.1-pyhd8ed1ab_0.conda
  sha256: 69ab63bd45587406ae911811fc4d4c1bf972d643fa57a009de7c01ac978c4edd
  md5: e8e53c4150a1bba3b160eacf9d53a51b
  depends:
  - python >=3.9
  - pyyaml
  license: MIT
  license_family: MIT
  run_exports: {}
  size: 11137
  timestamp: 1747237061448
- conda: https://conda.anaconda.org/conda-forge/noarch/requests-2.34.2-pyhcf101f3_0.conda
  sha256: 1715246b19c9f85ee022933b4845f2fc14ac9184981b7b7d9b728bec8e9588da
  md5: 4a85203c1d80c1059086ae860836ffb9
  depends:
  - python >=3.10
  - certifi >=2023.5.7
  - charset-normalizer >=2,<4
  - idna >=2.5,<4
  - urllib3 >=1.26,<3
  - python
  constrains:
  - chardet >=3.0.2,<8
  license: Apache-2.0
  license_family: APACHE
  run_exports: {}
  size: 68709
  timestamp: 1778851103479
- conda: https://conda.anaconda.org/conda-forge/noarch/six-1.17.0-pyhe01879c_1.conda
  sha256: 458227f759d5e3fcec5d9b7acce54e10c9e1f4f4b7ec978f3bfd54ce4ee9853d
  md5: 3339e3b65d58accf4ca4fb8748ab16b3
  depends:
  - python >=3.9
  - python
  license: MIT
  license_family: MIT
  run_exports: {}
  size: 18455
  timestamp: 1753199211006
- conda: https://conda.anaconda.org/conda-forge/noarch/super-collections-0.6.2-pyhd8ed1ab_0.conda
  sha256: cc8d62c5f2ea2fe894d422b1dc559eafa1bfb588c8e27bbb034c9e75b4a62ae8
  md5: 2e813ca47d1e4223081a75d08d5ee173
  depends:
  - python >=3.10
  - super_collections >=0.6.2,<0.6.3.0a0
  license: MIT
  license_family: MIT
  run_exports: {}
  size: 6927
  timestamp: 1759321066325
- conda: https://conda.anaconda.org/conda-forge/noarch/super_collections-0.6.2-pyhd8ed1ab_0.conda
  sha256: da5b15f808dbc6c4d06f95a54b833e6a7faeb117d3a640f6513b855994a65177
  md5: fc4839a94c8be99378a45bfcfbcced75
  depends:
  - hjson-py
  - python >=3.10
  license: MIT
  license_family: MIT
  run_exports: {}
  size: 21464
  timestamp: 1759321058217
- conda: https://conda.anaconda.org/conda-forge/noarch/termcolor-3.3.0-pyhd8ed1ab_0.conda
  sha256: 2107f959cd2a8a804d52e124434088e1a28c843942b62a7f8a3d84072861f0ef
  md5: bc6228906129e420c74a5ebaf0d63936
  depends:
  - python >=3.10
  license: MIT
  license_family: MIT
  run_exports: {}
  size: 13259
  timestamp: 1767096412722
- conda: https://conda.anaconda.org/conda-forge/noarch/typing-extensions-4.16.0-h69aa097_0.conda
  sha256: b141933ece3518f6d7b75dfb59451e2f26b405a44c18e2518a83e9a02e09315c
  md5: c680b5747e8c4c8f23dca0bb7042a8fc
  depends:
  - typing_extensions ==4.16.0 pyhcf101f3_0
  license: PSF-2.0
  license_family: PSF
  run_exports: {}
  size: 94080
  timestamp: 1783002732887
- conda: https://conda.anaconda.org/conda-forge/noarch/typing_extensions-4.16.0-pyhcf101f3_0.conda
  sha256: 2d888f90af0686044882c74193ec80a90ec1943145d94a7b1b048958acda1848
  md5: c70ad746c22219b9700931707482992c
  depends:
  - python >=3.10
  - python
  license: PSF-2.0
  license_family: PSF
  run_exports: {}
  size: 52631
  timestamp: 1783002732887
- conda: https://conda.anaconda.org/conda-forge/noarch/tzdata-2025c-hc9c84f9_1.conda
  sha256: 1d30098909076af33a35017eed6f2953af1c769e273a0626a04722ac4acaba3c
  md5: ad659d0a2b3e47e38d829aa8cad2d610
  license: LicenseRef-Public-Domain
  run_exports: {}
  size: 119135
  timestamp: 1767016325805
- conda: https://conda.anaconda.org/conda-forge/noarch/urllib3-2.7.0-pyhd8ed1ab_0.conda
  sha256: feff959a816f7988a0893201aa9727bbb7ee1e9cec2c4f0428269b489eb93fb4
  md5: cbb88288f74dbe6ada1c6c7d0a97223e
  depends:
  - backports.zstd >=1.0.0
  - brotli-python >=1.2.0
  - h2 >=4,<5
  - pysocks >=1.5.6,<2.0,!=1.5.7
  - python >=3.10
  license: MIT
  license_family: MIT
  run_exports: {}
  size: 103560
  timestamp: 1778188657149
- conda: https://conda.anaconda.org/conda-forge/noarch/zipp-4.1.0-pyhcf101f3_0.conda
  sha256: 210bd31c22bb88f5e2a167df24c95bb5f152b2ada7502f9b8c49d1f5366db423
  md5: ba3dcdc8584155c97c648ae9c044b7a3
  depends:
  - python >=3.10
  - python
  license: MIT
  license_family: MIT
  run_exports: {}
  size: 24190
  timestamp: 1779159948016
